
Microsoft Visual Studio Solution File, Format Version 11.00
# Visual Studio 2010
Project("{FAE04EC0-301F-11D3-BF4B-00C04F79EFBC}") = "Arke", "JefeIRCClient\Arke.csproj", "{215A45DA-F192-41AE-9ED8-ACB4A3A6170D}"
EndProject
Global
	GlobalSection(SolutionConfigurationPlatforms) = preSolution
		Debug|x86 = Debug|x86
		Release|x86 = Release|x86
	EndGlobalSection
	GlobalSection(ProjectConfigurationPlatforms) = postSolution
		{215A45DA-F192-41AE-9ED8-ACB4A3A6170D}.Debug|x86.ActiveCfg = Release|x86
		{215A45DA-F192-41AE-9ED8-ACB4A3A6170D}.Debug|x86.Build.0 = Release|x86
		{215A45DA-F192-41AE-9ED8-ACB4A3A6170D}.Release|x86.ActiveCfg = Release|x86
		{215A45DA-F192-41AE-9ED8-ACB4A3A6170D}.Release|x86.Build.0 = Release|x86
	EndGlobalSection
	GlobalSection(SolutionProperties) = preSolution
		HideSolutionNode = FALSE
	EndGlobalSection
EndGlobal
